<?xml version="1.0" encoding="UTF-8" standalone="yes" ?>
<CodeBlocks_project_file>
	<FileVersion major="1" minor="6" />
	<Project>
		<Option title="KFSAM" />
		<Option makefile="makefile" />
		<Option pch_mode="2" />
		<Option compiler="gcc" />
		<Build>
			<Target title="Debug">
				<Option output="bin/Debug/KFSAM" prefix_auto="1" extension_auto="1" />
				<Option object_output="obj/Debug/" />
				<Option type="1" />
				<Option compiler="gcc" />
				<Option parameters="-d ./dataset/GRAPH_int_toy2.data -c 10 -s 4" />
				<Compiler>
					<Add option="-g" />
					<Add directory="D:/Temp/boost_1_60_0/" />
					<Add directory="include" />
					<Add directory="E:/tmp/boost_1_60_0/" />
					<Add directory="E:/DKE/Implement/boost_1_60_0/" />
				</Compiler>
			</Target>
			<Target title="Release">
				<Option output="bin/Release/KFSAM" prefix_auto="1" extension_auto="1" />
				<Option object_output="obj/Release/" />
				<Option type="1" />
				<Option compiler="gcc" />
				<Compiler>
					<Add option="-O2" />
					<Add directory="include" />
				</Compiler>
				<Linker>
					<Add option="-s" />
				</Linker>
			</Target>
		</Build>
		<Compiler>
			<Add option="-Wall" />
		</Compiler>
		<Unit filename="EdgeGraphTable.h">
			<Option target="&lt;{~None~}&gt;" />
		</Unit>
		<Unit filename="Priority_Queue.h">
			<Option target="&lt;{~None~}&gt;" />
		</Unit>
		<Unit filename="README" />
		<Unit filename="StringTokenizer.cpp" />
		<Unit filename="StringTokenizer.h" />
		<Unit filename="StringTokenizer.h.gch" />
		<Unit filename="VectorUtility.h" />
		<Unit filename="adj_matrix.h" />
		<Unit filename="database.h" />
		<Unit filename="element_parser.h" />
		<Unit filename="graph_can_code.h" />
		<Unit filename="graph_iso_check.h" />
		<Unit filename="helper_funs.h" />
		<Unit filename="lattice_node.h" />
		<Unit filename="lattice_node2.h" />
		<Unit filename="makefile" />
		<Unit filename="matrix_base.cpp" />
		<Unit filename="matrix_base.h" />
		<Unit filename="matrix_base.h.gch" />
		<Unit filename="pattern.h" />
		<Unit filename="pattern_factory.h" />
		<Unit filename="random.cpp" />
		<Unit filename="random.h" />
		<Unit filename="random.h.gch" />
		<Unit filename="subgraph_iso.h" />
		<Unit filename="uniform_freq.cpp" />
		<Unit filename="uniform_subgraph_random_walk.h" />
		<Extensions>
			<code_completion />
			<envvars />
			<debugger />
			<lib_finder disable_auto="1" />
		</Extensions>
	</Project>
</CodeBlocks_project_file>
